
Microsoft Visual Studio Solution File, Format Version 12.00
# Visual Studio 2012
Project("{FAE04EC0-301F-11D3-BF4B-00C04F79EFBC}") = "BananasRouter", "BananasRouter.csproj", "{B8D25123-8E32-49A6-BAB4-1BC7E2704D41}"
EndProject
Global
	GlobalSection(SolutionConfigurationPlatforms) = preSolution
		Debug|Any CPU = Debug|Any CPU
		Release|Any CPU = Release|Any CPU
	EndGlobalSection
	GlobalSection(ProjectConfigurationPlatforms) = postSolution
		{B8D25123-8E32-49A6-BAB4-1BC7E2704D41}.Debug|Any CPU.ActiveCfg = Debug|Any CPU
		{B8D25123-8E32-49A6-BAB4-1BC7E2704D41}.Debug|Any CPU.Build.0 = Debug|Any CPU
		{B8D25123-8E32-49A6-BAB4-1BC7E2704D41}.Release|Any CPU.ActiveCfg = Release|Any CPU
		{B8D25123-8E32-49A6-BAB4-1BC7E2704D41}.Release|Any CPU.Build.0 = Release|Any CPU
	EndGlobalSection
	GlobalSection(SolutionProperties) = preSolution
		HideSolutionNode = FALSE
	EndGlobalSection
EndGlobal
